
Microsoft Visual Studio Solution File, Format Version 12.00
# Visual Studio Version 16
VisualStudioVersion = 16.0.29009.5
MinimumVisualStudioVersion = 10.0.40219.1
Project("{9A19103F-16F7-4668-BE54-9A1E7A4F7556}") = "UnitTestCShape", "UnitTestCShape\UnitTestCShape.csproj", "{564CCD4E-415E-4FCE-97BD-EF1F5366F70D}"
EndProject
Project("{FAE04EC0-301F-11D3-BF4B-00C04F79EFBC}") = "CalculatorTest", "CalculatorTest\CalculatorTest.csproj", "{B6C3D47F-19C0-45B8-8A06-DDA819CC6368}"
EndProject
Global
	GlobalSection(SolutionConfigurationPlatforms) = preSolution
		Debug|Any CPU = Debug|Any CPU
		Release|Any CPU = Release|Any CPU
	EndGlobalSection
	GlobalSection(ProjectConfigurationPlatforms) = postSolution
		{564CCD4E-415E-4FCE-97BD-EF1F5366F70D}.Debug|Any CPU.ActiveCfg = Debug|Any CPU
		{564CCD4E-415E-4FCE-97BD-EF1F5366F70D}.Debug|Any CPU.Build.0 = Debug|Any CPU
		{564CCD4E-415E-4FCE-97BD-EF1F5366F70D}.Release|Any CPU.ActiveCfg = Release|Any CPU
		{564CCD4E-415E-4FCE-97BD-EF1F5366F70D}.Release|Any CPU.Build.0 = Release|Any CPU
		{B6C3D47F-19C0-45B8-8A06-DDA819CC6368}.Debug|Any CPU.ActiveCfg = Debug|Any CPU
		{B6C3D47F-19C0-45B8-8A06-DDA819CC6368}.Debug|Any CPU.Build.0 = Debug|Any CPU
		{B6C3D47F-19C0-45B8-8A06-DDA819CC6368}.Release|Any CPU.ActiveCfg = Release|Any CPU
		{B6C3D47F-19C0-45B8-8A06-DDA819CC6368}.Release|Any CPU.Build.0 = Release|Any CPU
	EndGlobalSection
	GlobalSection(SolutionProperties) = preSolution
		HideSolutionNode = FALSE
	EndGlobalSection
	GlobalSection(ExtensibilityGlobals) = postSolution
		SolutionGuid = {5742F1A3-437A-4D3D-92F9-BAF0B9E5C943}
	EndGlobalSection
EndGlobal
